
Microsoft Visual Studio Solution File, Format Version 12.00
# Visual Studio Version 17
VisualStudioVersion = 17.10.35013.160
MinimumVisualStudioVersion = 10.0.40219.1
Project("{FAE04EC0-301F-11D3-BF4B-00C04F79EFBC}") = "NomadNavigator(BE)", "NomadNavigator(BE).csproj", "{74125218-0BFF-47B5-AB7D-7DFFA3DE81B6}"
EndProject
Global
	GlobalSection(SolutionConfigurationPlatforms) = preSolution
		Debug|Any CPU = Debug|Any CPU
		Release|Any CPU = Release|Any CPU
	EndGlobalSection
	GlobalSection(ProjectConfigurationPlatforms) = postSolution
		{74125218-0BFF-47B5-AB7D-7DFFA3DE81B6}.Debug|Any CPU.ActiveCfg = Debug|Any CPU
		{74125218-0BFF-47B5-AB7D-7DFFA3DE81B6}.Debug|Any CPU.Build.0 = Debug|Any CPU
		{74125218-0BFF-47B5-AB7D-7DFFA3DE81B6}.Release|Any CPU.ActiveCfg = Release|Any CPU
		{74125218-0BFF-47B5-AB7D-7DFFA3DE81B6}.Release|Any CPU.Build.0 = Release|Any CPU
	EndGlobalSection
	GlobalSection(SolutionProperties) = preSolution
		HideSolutionNode = FALSE
	EndGlobalSection
	GlobalSection(ExtensibilityGlobals) = postSolution
		SolutionGuid = {9D1E4476-D1FC-48AB-9D87-B3CBE1CF4A12}
	EndGlobalSection
EndGlobal
